
Microsoft Visual Studio Solution File, Format Version 12.00
# Visual Studio 15
VisualStudioVersion = 15.0.28010.2003
MinimumVisualStudioVersion = 10.0.40219.1
Project("{FAE04EC0-301F-11D3-BF4B-00C04F79EFBC}") = "RazorDemo", "RazorDemo\RazorDemo.csproj", "{9BC60485-EFD9-4A7B-A2D7-DC283B41B3F5}"
EndProject
Global
	GlobalSection(SolutionConfigurationPlatforms) = preSolution
		Debug|Any CPU = Debug|Any CPU
		Release|Any CPU = Release|Any CPU
	EndGlobalSection
	GlobalSection(ProjectConfigurationPlatforms) = postSolution
		{9BC60485-EFD9-4A7B-A2D7-DC283B41B3F5}.Debug|Any CPU.ActiveCfg = Debug|Any CPU
		{9BC60485-EFD9-4A7B-A2D7-DC283B41B3F5}.Debug|Any CPU.Build.0 = Debug|Any CPU
		{9BC60485-EFD9-4A7B-A2D7-DC283B41B3F5}.Release|Any CPU.ActiveCfg = Release|Any CPU
		{9BC60485-EFD9-4A7B-A2D7-DC283B41B3F5}.Release|Any CPU.Build.0 = Release|Any CPU
	EndGlobalSection
	GlobalSection(SolutionProperties) = preSolution
		HideSolutionNode = FALSE
	EndGlobalSection
	GlobalSection(ExtensibilityGlobals) = postSolution
		SolutionGuid = {8AA2C4B7-D0E7-4FDB-AEDE-BC35097E08F5}
	EndGlobalSection
EndGlobal
